
Microsoft Visual Studio Solution File, Format Version 12.00
# Visual Studio Version 17
VisualStudioVersion = 17.0.31903.59
MinimumVisualStudioVersion = 10.0.40219.1
Project("{FAE04EC0-301F-11D3-BF4B-00C04F79EFBC}") = "BurgerHouse.Domain", "BurgerHouse.Domain\BurgerHouse.Domain.csproj", "{C0525C55-3F60-4448-A2CC-33C359AE2746}"
EndProject
Project("{FAE04EC0-301F-11D3-BF4B-00C04F79EFBC}") = "BurgerHouse.Application", "BurgerHouse.Application\BurgerHouse.Application.csproj", "{80397A7D-8D48-48CC-9F98-686383AEC22E}"
EndProject
Project("{FAE04EC0-301F-11D3-BF4B-00C04F79EFBC}") = "BurgerHouse.Infrastructure", "BurgerHouse.Infrastructure\BurgerHouse.Infrastructure.csproj", "{80B7F460-C740-4B5F-87D6-A38836258498}"
EndProject
Project("{FAE04EC0-301F-11D3-BF4B-00C04F79EFBC}") = "BurgerHouse.Api", "BurgerHouse.Api\BurgerHouse.Api.csproj", "{DC8111CE-1D67-49C3-8EBE-9C596BDCD906}"
EndProject
Project("{FAE04EC0-301F-11D3-BF4B-00C04F79EFBC}") = "BurgerHouse.Domain.Tests", "BurgerHouse.Domain.Tests\BurgerHouse.Domain.Tests.csproj", "{551D532F-C9E4-48DC-AFC1-1D952A02927B}"
EndProject
Project("{FAE04EC0-301F-11D3-BF4B-00C04F79EFBC}") = "BurgerHouse.Application.Tests", "BurgerHouse.Application.Tests\BurgerHouse.Application.Tests.csproj", "{C79C3C41-60C2-426C-929A-544F95ED4A90}"
EndProject
Project("{FAE04EC0-301F-11D3-BF4B-00C04F79EFBC}") = "BurgerHouse.Infrastructure.Tests", "BurgerHouse.Infrastructure.Tests\BurgerHouse.Infrastructure.Tests.csproj", "{895FB989-0FDA-4D6F-BA3A-DA45469EFF4A}"
EndProject
Project("{FAE04EC0-301F-11D3-BF4B-00C04F79EFBC}") = "BurgerHouse.Api.Tests", "BurgerHouse.Api.Tests\BurgerHouse.Api.Tests.csproj", "{9B1A3171-2358-4EC4-B957-7EA6CF4CE2BC}"
EndProject
Global
	GlobalSection(SolutionConfigurationPlatforms) = preSolution
		Debug|Any CPU = Debug|Any CPU
		Debug|x64 = Debug|x64
		Debug|x86 = Debug|x86
		Release|Any CPU = Release|Any CPU
		Release|x64 = Release|x64
		Release|x86 = Release|x86
	EndGlobalSection
	GlobalSection(ProjectConfigurationPlatforms) = postSolution
		{C0525C55-3F60-4448-A2CC-33C359AE2746}.Debug|Any CPU.ActiveCfg = Debug|Any CPU
		{C0525C55-3F60-4448-A2CC-33C359AE2746}.Debug|Any CPU.Build.0 = Debug|Any CPU
		{C0525C55-3F60-4448-A2CC-33C359AE2746}.Debug|x64.ActiveCfg = Debug|Any CPU
		{C0525C55-3F60-4448-A2CC-33C359AE2746}.Debug|x64.Build.0 = Debug|Any CPU
		{C0525C55-3F60-4448-A2CC-33C359AE2746}.Debug|x86.ActiveCfg = Debug|Any CPU
		{C0525C55-3F60-4448-A2CC-33C359AE2746}.Debug|x86.Build.0 = Debug|Any CPU
		{C0525C55-3F60-4448-A2CC-33C359AE2746}.Release|Any CPU.ActiveCfg = Release|Any CPU
		{C0525C55-3F60-4448-A2CC-33C359AE2746}.Release|Any CPU.Build.0 = Release|Any CPU
		{C0525C55-3F60-4448-A2CC-33C359AE2746}.Release|x64.ActiveCfg = Release|Any CPU
		{C0525C55-3F60-4448-A2CC-33C359AE2746}.Release|x64.Build.0 = Release|Any CPU
		{C0525C55-3F60-4448-A2CC-33C359AE2746}.Release|x86.ActiveCfg = Release|Any CPU
		{C0525C55-3F60-4448-A2CC-33C359AE2746}.Release|x86.Build.0 = Release|Any CPU
		{80397A7D-8D48-48CC-9F98-686383AEC22E}.Debug|Any CPU.ActiveCfg = Debug|Any CPU
		{80397A7D-8D48-48CC-9F98-686383AEC22E}.Debug|Any CPU.Build.0 = Debug|Any CPU
		{80397A7D-8D48-48CC-9F98-686383AEC22E}.Debug|x64.ActiveCfg = Debug|Any CPU
		{80397A7D-8D48-48CC-9F98-686383AEC22E}.Debug|x64.Build.0 = Debug|Any CPU
		{80397A7D-8D48-48CC-9F98-686383AEC22E}.Debug|x86.ActiveCfg = Debug|Any CPU
		{80397A7D-8D48-48CC-9F98-686383AEC22E}.Debug|x86.Build.0 = Debug|Any CPU
		{80397A7D-8D48-48CC-9F98-686383AEC22E}.Release|Any CPU.ActiveCfg = Release|Any CPU
		{80397A7D-8D48-48CC-9F98-686383AEC22E}.Release|Any CPU.Build.0 = Release|Any CPU
		{80397A7D-8D48-48CC-9F98-686383AEC22E}.Release|x64.ActiveCfg = Release|Any CPU
		{80397A7D-8D48-48CC-9F98-686383AEC22E}.Release|x64.Build.0 = Release|Any CPU
		{80397A7D-8D48-48CC-9F98-686383AEC22E}.Release|x86.ActiveCfg = Release|Any CPU
		{80397A7D-8D48-48CC-9F98-686383AEC22E}.Release|x86.Build.0 = Release|Any CPU
		{80B7F460-C740-4B5F-87D6-A38836258498}.Debug|Any CPU.ActiveCfg = Debug|Any CPU
		{80B7F460-C740-4B5F-87D6-A38836258498}.Debug|Any CPU.Build.0 = Debug|Any CPU
		{80B7F460-C740-4B5F-87D6-A38836258498}.Debug|x64.ActiveCfg = Debug|Any CPU
		{80B7F460-C740-4B5F-87D6-A38836258498}.Debug|x64.Build.0 = Debug|Any CPU
		{80B7F460-C740-4B5F-87D6-A38836258498}.Debug|x86.ActiveCfg = Debug|Any CPU
		{80B7F460-C740-4B5F-87D6-A38836258498}.Debug|x86.Build.0 = Debug|Any CPU
		{80B7F460-C740-4B5F-87D6-A38836258498}.Release|Any CPU.ActiveCfg = Release|Any CPU
		{80B7F460-C740-4B5F-87D6-A38836258498}.Release|Any CPU.Build.0 = Release|Any CPU
		{80B7F460-C740-4B5F-87D6-A38836258498}.Release|x64.ActiveCfg = Release|Any CPU
		{80B7F460-C740-4B5F-87D6-A38836258498}.Release|x64.Build.0 = Release|Any CPU
		{80B7F460-C740-4B5F-87D6-A38836258498}.Release|x86.ActiveCfg = Release|Any CPU
		{80B7F460-C740-4B5F-87D6-A38836258498}.Release|x86.Build.0 = Release|Any CPU
		{DC8111CE-1D67-49C3-8EBE-9C596BDCD906}.Debug|Any CPU.ActiveCfg = Debug|Any CPU
		{DC8111CE-1D67-49C3-8EBE-9C596BDCD906}.Debug|Any CPU.Build.0 = Debug|Any CPU
		{DC8111CE-1D67-49C3-8EBE-9C596BDCD906}.Debug|x64.ActiveCfg = Debug|Any CPU
		{DC8111CE-1D67-49C3-8EBE-9C596BDCD906}.Debug|x64.Build.0 = Debug|Any CPU
		{DC8111CE-1D67-49C3-8EBE-9C596BDCD906}.Debug|x86.ActiveCfg = Debug|Any CPU
		{DC8111CE-1D67-49C3-8EBE-9C596BDCD906}.Debug|x86.Build.0 = Debug|Any CPU
		{DC8111CE-1D67-49C3-8EBE-9C596BDCD906}.Release|Any CPU.ActiveCfg = Release|Any CPU
		{DC8111CE-1D67-49C3-8EBE-9C596BDCD906}.Release|Any CPU.Build.0 = Release|Any CPU
		{DC8111CE-1D67-49C3-8EBE-9C596BDCD906}.Release|x64.ActiveCfg = Release|Any CPU
		{DC8111CE-1D67-49C3-8EBE-9C596BDCD906}.Release|x64.Build.0 = Release|Any CPU
		{DC8111CE-1D67-49C3-8EBE-9C596BDCD906}.Release|x86.ActiveCfg = Release|Any CPU
		{DC8111CE-1D67-49C3-8EBE-9C596BDCD906}.Release|x86.Build.0 = Release|Any CPU
		{551D532F-C9E4-48DC-AFC1-1D952A02927B}.Debug|Any CPU.ActiveCfg = Debug|Any CPU
		{551D532F-C9E4-48DC-AFC1-1D952A02927B}.Debug|Any CPU.Build.0 = Debug|Any CPU
		{551D532F-C9E4-48DC-AFC1-1D952A02927B}.Debug|x64.ActiveCfg = Debug|Any CPU
		{551D532F-C9E4-48DC-AFC1-1D952A02927B}.Debug|x64.Build.0 = Debug|Any CPU
		{551D532F-C9E4-48DC-AFC1-1D952A02927B}.Debug|x86.ActiveCfg = Debug|Any CPU
		{551D532F-C9E4-48DC-AFC1-1D952A02927B}.Debug|x86.Build.0 = Debug|Any CPU
		{551D532F-C9E4-48DC-AFC1-1D952A02927B}.Release|Any CPU.ActiveCfg = Release|Any CPU
		{551D532F-C9E4-48DC-AFC1-1D952A02927B}.Release|Any CPU.Build.0 = Release|Any CPU
		{551D532F-C9E4-48DC-AFC1-1D952A02927B}.Release|x64.ActiveCfg = Release|Any CPU
		{551D532F-C9E4-48DC-AFC1-1D952A02927B}.Release|x64.Build.0 = Release|Any CPU
		{551D532F-C9E4-48DC-AFC1-1D952A02927B}.Release|x86.ActiveCfg = Release|Any CPU
		{551D532F-C9E4-48DC-AFC1-1D952A02927B}.Release|x86.Build.0 = Release|Any CPU
		{C79C3C41-60C2-426C-929A-544F95ED4A90}.Debug|Any CPU.ActiveCfg = Debug|Any CPU
		{C79C3C41-60C2-426C-929A-544F95ED4A90}.Debug|Any CPU.Build.0 = Debug|Any CPU
		{C79C3C41-60C2-426C-929A-544F95ED4A90}.Debug|x64.ActiveCfg = Debug|Any CPU
		{C79C3C41-60C2-426C-929A-544F95ED4A90}.Debug|x64.Build.0 = Debug|Any CPU
		{C79C3C41-60C2-426C-929A-544F95ED4A90}.Debug|x86.ActiveCfg = Debug|Any CPU
		{C79C3C41-60C2-426C-929A-544F95ED4A90}.Debug|x86.Build.0 = Debug|Any CPU
		{C79C3C41-60C2-426C-929A-544F95ED4A90}.Release|Any CPU.ActiveCfg = Release|Any CPU
		{C79C3C41-60C2-426C-929A-544F95ED4A90}.Release|Any CPU.Build.0 = Release|Any CPU
		{C79C3C41-60C2-426C-929A-544F95ED4A90}.Release|x64.ActiveCfg = Release|Any CPU
		{C79C3C41-60C2-426C-929A-544F95ED4A90}.Release|x64.Build.0 = Release|Any CPU
		{C79C3C41-60C2-426C-929A-544F95ED4A90}.Release|x86.ActiveCfg = Release|Any CPU
		{C79C3C41-60C2-426C-929A-544F95ED4A90}.Release|x86.Build.0 = Release|Any CPU
		{895FB989-0FDA-4D6F-BA3A-DA45469EFF4A}.Debug|Any CPU.ActiveCfg = Debug|Any CPU
		{895FB989-0FDA-4D6F-BA3A-DA45469EFF4A}.Debug|Any CPU.Build.0 = Debug|Any CPU
		{895FB989-0FDA-4D6F-BA3A-DA45469EFF4A}.Debug|x64.ActiveCfg = Debug|Any CPU
		{895FB989-0FDA-4D6F-BA3A-DA45469EFF4A}.Debug|x64.Build.0 = Debug|Any CPU
		{895FB989-0FDA-4D6F-BA3A-DA45469EFF4A}.Debug|x86.ActiveCfg = Debug|Any CPU
		{895FB989-0FDA-4D6F-BA3A-DA45469EFF4A}.Debug|x86.Build.0 = Debug|Any CPU
		{895FB989-0FDA-4D6F-BA3A-DA45469EFF4A}.Release|Any CPU.ActiveCfg = Release|Any CPU
		{895FB989-0FDA-4D6F-BA3A-DA45469EFF4A}.Release|Any CPU.Build.0 = Release|Any CPU
		{895FB989-0FDA-4D6F-BA3A-DA45469EFF4A}.Release|x64.ActiveCfg = Release|Any CPU
		{895FB989-0FDA-4D6F-BA3A-DA45469EFF4A}.Release|x64.Build.0 = Release|Any CPU
		{895FB989-0FDA-4D6F-BA3A-DA45469EFF4A}.Release|x86.ActiveCfg = Release|Any CPU
		{895FB989-0FDA-4D6F-BA3A-DA45469EFF4A}.Release|x86.Build.0 = Release|Any CPU
		{9B1A3171-2358-4EC4-B957-7EA6CF4CE2BC}.Debug|Any CPU.ActiveCfg = Debug|Any CPU
		{9B1A3171-2358-4EC4-B957-7EA6CF4CE2BC}.Debug|Any CPU.Build.0 = Debug|Any CPU
		{9B1A3171-2358-4EC4-B957-7EA6CF4CE2BC}.Debug|x64.ActiveCfg = Debug|Any CPU
		{9B1A3171-2358-4EC4-B957-7EA6CF4CE2BC}.Debug|x64.Build.0 = Debug|Any CPU
		{9B1A3171-2358-4EC4-B957-7EA6CF4CE2BC}.Debug|x86.ActiveCfg = Debug|Any CPU
		{9B1A3171-2358-4EC4-B957-7EA6CF4CE2BC}.Debug|x86.Build.0 = Debug|Any CPU
		{9B1A3171-2358-4EC4-B957-7EA6CF4CE2BC}.Release|Any CPU.ActiveCfg = Release|Any CPU
		{9B1A3171-2358-4EC4-B957-7EA6CF4CE2BC}.Release|Any CPU.Build.0 = Release|Any CPU
		{9B1A3171-2358-4EC4-B957-7EA6CF4CE2BC}.Release|x64.ActiveCfg = Release|Any CPU
		{9B1A3171-2358-4EC4-B957-7EA6CF4CE2BC}.Release|x64.Build.0 = Release|Any CPU
		{9B1A3171-2358-4EC4-B957-7EA6CF4CE2BC}.Release|x86.ActiveCfg = Release|Any CPU
		{9B1A3171-2358-4EC4-B957-7EA6CF4CE2BC}.Release|x86.Build.0 = Release|Any CPU
	EndGlobalSection
	GlobalSection(SolutionProperties) = preSolution
		HideSolutionNode = FALSE
	EndGlobalSection
EndGlobal
